// !$*UTF8*$!
{
	archiveVersion = 1;
	classes = {
	};
	objectVersion = 46;
	objects = {

/* Begin PBXBuildFile section */
		B1A01B351B8257F000E63C74 /* main.m in Sources */ = {isa = PBXBuildFile; fileRef = B1A01B341B8257F000E63C74 /* main.m */; };
		B1A01B381B8257F000E63C74 /* AppDelegate.m in Sources */ = {isa = PBXBuildFile; fileRef = B1A01B371B8257F000E63C74 /* AppDelegate.m */; };
		B1A01B3B1B8257F000E63C74 /* ViewController.m in Sources */ = {isa = PBXBuildFile; fileRef = B1A01B3A1B8257F000E63C74 /* ViewController.m */; };
		B1A01B3E1B8257F000E63C74 /* Main.storyboard in Resources */ = {isa = PBXBuildFile; fileRef = B1A01B3C1B8257F000E63C74 /* Main.storyboard */; };
		B1A01B401B8257F000E63C74 /* Images.xcassets in Resources */ = {isa = PBXBuildFile; fileRef = B1A01B3F1B8257F000E63C74 /* Images.xcassets */; };
		B1A01B431B8257F000E63C74 /* LaunchScreen.xib in Resources */ = {isa = PBXBuildFile; fileRef = B1A01B411B8257F000E63C74 /* LaunchScreen.xib */; };
		B1A01B4F1B8257F000E63C74 /* AppATests.m in Sources */ = {isa = PBXBuildFile; fileRef = B1A01B4E1B8257F000E63C74 /* AppATests.m */; };
/* End PBXBuildFile section */

/* Begin PBXContainerItemProxy section */
		B1A01B491B8257F000E63C74 /* PBXContainerItemProxy */ = {
			isa = PBXContainerItemProxy;
			containerPortal = B1A01B271B8257F000E63C74 /* Project object */;
			proxyType = 1;
			remoteGlobalIDString = B1A01B2E1B8257F000E63C74;
			remoteInfo = AppA;
		};
/* End PBXContainerItemProxy section */

/* Begin PBXFileReference section */
		B1A01B2F1B8257F000E63C74 /* AppA.app */ = {isa = PBXFileReference; explicitFileType = wrapper.application; includeInIndex = 0; path = AppA.app; sourceTree = BUILT_PRODUCTS_DIR; };
		B1A01B331B8257F000E63C74 /* Info.plist */ = {isa = PBXFileReference; lastKnownFileType = text.plist.xml; path = Info.plist; sourceTree = "<group>"; };
		B1A01B341B8257F000E63C74 /* main.m */ = {isa = PBXFileReference; lastKnownFileType = sourcecode.c.objc; path = main.m; sourceTree = "<group>"; };
		B1A01B361B8257F000E63C74 /* AppDelegate.h */ = {isa = PBXFileReference; lastKnownFileType = sourcecode.c.h; path = AppDelegate.h; sourceTree = "<group>"; };
		B1A01B371B8257F000E63C74 /* AppDelegate.m */ = {isa = PBXFileReference; lastKnownFileType = sourcecode.c.objc; path = AppDelegate.m; sourceTree = "<group>"; };
		B1A01B391B8257F000E63C74 /* ViewController.h */ = {isa = PBXFileReference; lastKnownFileType = sourcecode.c.h; path = ViewController.h; sourceTree = "<group>"; };
		B1A01B3A1B8257F000E63C74 /* ViewController.m */ = {isa = PBXFileReference; lastKnownFileType = sourcecode.c.objc; path = ViewController.m; sourceTree = "<group>"; };
		B1A01B3D1B8257F000E63C74 /* Base */ = {isa = PBXFileReference; lastKnownFileType = file.storyboard; name = Base; path = Base.lproj/Main.storyboard; sourceTree = "<group>"; };
		B1A01B3F1B8257F000E63C74 /* Images.xcassets */ = {isa = PBXFileReference; lastKnownFileType = folder.assetcatalog; path = Images.xcassets; sourceTree = "<group>"; };
		B1A01B421B8257F000E63C74 /* Base */ = {isa = PBXFileReference; lastKnownFileType = file.xib; name = Base; path = Base.lproj/LaunchScreen.xib; sourceTree = "<group>"; };
		B1A01B481B8257F000E63C74 /* AppATests.xctest */ = {isa = PBXFileReference; explicitFileType = wrapper.cfbundle; includeInIndex = 0; path = AppATests.xctest; sourceTree = BUILT_PRODUCTS_DIR; };
		B1A01B4D1B8257F000E63C74 /* Info.plist */ = {isa = PBXFileReference; lastKnownFileType = text.plist.xml; path = Info.plist; sourceTree = "<group>"; };
		B1A01B4E1B8257F000E63C74 /* AppATests.m */ = {isa = PBXFileReference; lastKnownFileType = sourcecode.c.objc; path = AppATests.m; sourceTree = "<group>"; };
/* End PBXFileReference section */

/* Begin PBXFrameworksBuildPhase section */
		B1A01B2C1B8257F000E63C74 /* Frameworks */ = {
			isa = PBXFrameworksBuildPhase;
			buildActionMask = 2147483647;
			files = (
			);
			runOnlyForDeploymentPostprocessing = 0;
		};
		B1A01B451B8257F000E63C74 /* Frameworks */ = {
			isa = PBXFrameworksBuildPhase;
			buildActionMask = 2147483647;
			files = (
			);
			runOnlyForDeploymentPostprocessing = 0;
		};
/* End PBXFrameworksBuildPhase section */

/* Begin PBXGroup section */
		B1A01B261B8257F000E63C74 = {
			isa = PBXGroup;
			children = (
				B1A01B311B8257F000E63C74 /* AppA */,
				B1A01B4B1B8257F000E63C74 /* AppATests */,
				B1A01B301B8257F000E63C74 /* Products */,
			);
			sourceTree = "<group>";
		};
		B1A01B301B8257F000E63C74 /* Products */ = {
			isa = PBXGroup;
			children = (
				B1A01B2F1B8257F000E63C74 /* AppA.app */,
				B1A01B481B8257F000E63C74 /* AppATests.xctest */,
			);
			name = Products;
			sourceTree = "<group>";
		};
		B1A01B311B8257F000E63C74 /* AppA */ = {
			isa = PBXGroup;
			children = (
				B1A01B361B8257F000E63C74 /* AppDelegate.h */,
				B1A01B371B8257F000E63C74 /* AppDelegate.m */,
				B1A01B391B8257F000E63C74 /* ViewController.h */,
				B1A01B3A1B8257F000E63C74 /* ViewController.m */,
				B1A01B3C1B8257F000E63C74 /* Main.storyboard */,
				B1A01B3F1B8257F000E63C74 /* Images.xcassets */,
				B1A01B411B8257F000E63C74 /* LaunchScreen.xib */,
				B1A01B321B8257F000E63C74 /* Supporting Files */,
			);
			path = AppA;
			sourceTree = "<group>";
		};
		B1A01B321B8257F000E63C74 /* Supporting Files */ = {
			isa = PBXGroup;
			children = (
				B1A01B331B8257F000E63C74 /* Info.plist */,
				B1A01B341B8257F000E63C74 /* main.m */,
			);
			name = "Supporting Files";
			sourceTree = "<group>";
		};
		B1A01B4B1B8257F000E63C74 /* AppATests */ = {
			isa = PBXGroup;
			children = (
				B1A01B4E1B8257F000E63C74 /* AppATests.m */,
				B1A01B4C1B8257F000E63C74 /* Supporting Files */,
			);
			path = AppATests;
			sourceTree = "<group>";
		};
		B1A01B4C1B8257F000E63C74 /* Supporting Files */ = {
			isa = PBXGroup;
			children = (
				B1A01B4D1B8257F000E63C74 /* Info.plist */,
			);
			name = "Supporting Files";
			sourceTree = "<group>";
		};
/* End PBXGroup section */

/* Begin PBXNativeTarget section */
		B1A01B2E1B8257F000E63C74 /* AppA */ = {
			isa = PBXNativeTarget;
			buildConfigurationList = B1A01B521B8257F000E63C74 /* Build configuration list for PBXNativeTarget "AppA" */;
			buildPhases = (
				B1A01B2B1B8257F000E63C74 /* Sources */,
				B1A01B2C1B8257F000E63C74 /* Frameworks */,
				B1A01B2D1B8257F000E63C74 /* Resources */,
			);
			buildRules = (
			);
			dependencies = (
			);
			name = AppA;
			productName = AppA;
			productReference = B1A01B2F1B8257F000E63C74 /* AppA.app */;
			productType = "com.apple.product-type.application";
		};
		B1A01B471B8257F000E63C74 /* AppATests */ = {
			isa = PBXNativeTarget;
			buildConfigurationList = B1A01B551B8257F000E63C74 /* Build configuration list for PBXNativeTarget "AppATests" */;
			buildPhases = (
				B1A01B441B8257F000E63C74 /* Sources */,
				B1A01B451B8257F000E63C74 /* Frameworks */,
				B1A01B461B8257F000E63C74 /* Resources */,
			);
			buildRules = (
			);
			dependencies = (
				B1A01B4A1B8257F000E63C74 /* PBXTargetDependency */,
			);
			name = AppATests;
			productName = AppATests;
			productReference = B1A01B481B8257F000E63C74 /* AppATests.xctest */;
			productType = "com.apple.product-type.bundle.unit-test";
		};
/* End PBXNativeTarget section */

/* Begin PBXProject section */
		B1A01B271B8257F000E63C74 /* Project object */ = {
			isa = PBXProject;
			attributes = {
				LastUpgradeCheck = 0640;
				ORGANIZATIONNAME = nguyenvantu;
				TargetAttributes = {
					B1A01B2E1B8257F000E63C74 = {
						CreatedOnToolsVersion = 6.4;
					};
					B1A01B471B8257F000E63C74 = {
						CreatedOnToolsVersion = 6.4;
						TestTargetID = B1A01B2E1B8257F000E63C74;
					};
				};
			};
			buildConfigurationList = B1A01B2A1B8257F000E63C74 /* Build configuration list for PBXProject "AppA" */;
			compatibilityVersion = "Xcode 3.2";
			developmentRegion = English;
			hasScannedForEncodings = 0;
			knownRegions = (
				en,
				Base,
			);
			mainGroup = B1A01B261B8257F000E63C74;
			productRefGroup = B1A01B301B8257F000E63C74 /* Products */;
			projectDirPath = "";
			projectRoot = "";
			targets = (
				B1A01B2E1B8257F000E63C74 /* AppA */,
				B1A01B471B8257F000E63C74 /* AppATests */,
			);
		};
/* End PBXProject section */

/* Begin PBXResourcesBuildPhase section */
		B1A01B2D1B8257F000E63C74 /* Resources */ = {
			isa = PBXResourcesBuildPhase;
			buildActionMask = 2147483647;
			files = (
				B1A01B3E1B8257F000E63C74 /* Main.storyboard in Resources */,
				B1A01B431B8257F000E63C74 /* LaunchScreen.xib in Resources */,
				B1A01B401B8257F000E63C74 /* Images.xcassets in Resources */,
			);
			runOnlyForDeploymentPostprocessing = 0;
		};
		B1A01B461B8257F000E63C74 /* Resources */ = {
			isa = PBXResourcesBuildPhase;
			buildActionMask = 2147483647;
			files = (
			);
			runOnlyForDeploymentPostprocessing = 0;
		};
/* End PBXResourcesBuildPhase section */

/* Begin PBXSourcesBuildPhase section */
		B1A01B2B1B8257F000E63C74 /* Sources */ = {
			isa = PBXSourcesBuildPhase;
			buildActionMask = 2147483647;
			files = (
				B1A01B3B1B8257F000E63C74 /* ViewController.m in Sources */,
				B1A01B381B8257F000E63C74 /* AppDelegate.m in Sources */,
				B1A01B351B8257F000E63C74 /* main.m in Sources */,
			);
			runOnlyForDeploymentPostprocessing = 0;
		};
		B1A01B441B8257F000E63C74 /* Sources */ = {
			isa = PBXSourcesBuildPhase;
			buildActionMask = 2147483647;
			files = (
				B1A01B4F1B8257F000E63C74 /* AppATests.m in Sources */,
			);
			runOnlyForDeploymentPostprocessing = 0;
		};
/* End PBXSourcesBuildPhase section */

/* Begin PBXTargetDependency section */
		B1A01B4A1B8257F000E63C74 /* PBXTargetDependency */ = {
			isa = PBXTargetDependency;
			target = B1A01B2E1B8257F000E63C74 /* AppA */;
			targetProxy = B1A01B491B8257F000E63C74 /* PBXContainerItemProxy */;
		};
/* End PBXTargetDependency section */

/* Begin PBXVariantGroup section */
		B1A01B3C1B8257F000E63C74 /* Main.storyboard */ = {
			isa = PBXVariantGroup;
			children = (
				B1A01B3D1B8257F000E63C74 /* Base */,
			);
			name = Main.storyboard;
			sourceTree = "<group>";
		};
		B1A01B411B8257F000E63C74 /* LaunchScreen.xib */ = {
			isa = PBXVariantGroup;
			children = (
				B1A01B421B8257F000E63C74 /* Base */,
			);
			name = LaunchScreen.xib;
			sourceTree = "<group>";
		};
/* End PBXVariantGroup section */

/* Begin XCBuildConfiguration section */
		B1A01B501B8257F000E63C74 /* Debug */ = {
			isa = XCBuildConfiguration;
			buildSettings = {
				ALWAYS_SEARCH_USER_PATHS = NO;
				CLANG_CXX_LANGUAGE_STANDARD = "gnu++0x";
				CLANG_CXX_LIBRARY = "libc++";
				CLANG_ENABLE_MODULES = YES;
				CLANG_ENABLE_OBJC_ARC = YES;
				CLANG_WARN_BOOL_CONVERSION = YES;
				CLANG_WARN_CONSTANT_CONVERSION = YES;
				CLANG_WARN_DIRECT_OBJC_ISA_USAGE = YES_ERROR;
				CLANG_WARN_EMPTY_BODY = YES;
				CLANG_WARN_ENUM_CONVERSION = YES;
				CLANG_WARN_INT_CONVERSION = YES;
				CLANG_WARN_OBJC_ROOT_CLASS = YES_ERROR;
				CLANG_WARN_UNREACHABLE_CODE = YES;
				CLANG_WARN__DUPLICATE_METHOD_MATCH = YES;
				"CODE_SIGN_IDENTITY[sdk=iphoneos*]" = "iPhone Developer";
				COPY_PHASE_STRIP = NO;
				DEBUG_INFORMATION_FORMAT = "dwarf-with-dsym";
				ENABLE_STRICT_OBJC_MSGSEND = YES;
				GCC_C_LANGUAGE_STANDARD = gnu99;
				GCC_DYNAMIC_NO_PIC = NO;
				GCC_NO_COMMON_BLOCKS = YES;
				GCC_OPTIMIZATION_LEVEL = 0;
				GCC_PREPROCESSOR_DEFINITIONS = (
					"DEBUG=1",
					"$(inherited)",
				);
				GCC_SYMBOLS_PRIVATE_EXTERN = NO;
				GCC_WARN_64_TO_32_BIT_CONVERSION = YES;
				GCC_WARN_ABOUT_RETURN_TYPE = YES_ERROR;
				GCC_WARN_UNDECLARED_SELECTOR = YES;
				GCC_WARN_UNINITIALIZED_AUTOS = YES_AGGRESSIVE;
				GCC_WARN_UNUSED_FUNCTION = YES;
				GCC_WARN_UNUSED_VARIABLE = YES;
				IPHONEOS_DEPLOYMENT_TARGET = 8.4;
				MTL_ENABLE_DEBUG_INFO = YES;
				ONLY_ACTIVE_ARCH = YES;
				SDKROOT = iphoneos;
			};
			name = Debug;
		};
		B1A01B511B8257F000E63C74 /* Release */ = {
			isa = XCBuildConfiguration;
			buildSettings = {
				ALWAYS_SEARCH_USER_PATHS = NO;
				CLANG_CXX_LANGUAGE_STANDARD = "gnu++0x";
				CLANG_CXX_LIBRARY = "libc++";
				CLANG_ENABLE_MODULES = YES;
				CLANG_ENABLE_OBJC_ARC = YES;
				CLANG_WARN_BOOL_CONVERSION = YES;
				CLANG_WARN_CONSTANT_CONVERSION = YES;
				CLANG_WARN_DIRECT_OBJC_ISA_USAGE = YES_ERROR;
				CLANG_WARN_EMPTY_BODY = YES;
				CLANG_WARN_ENUM_CONVERSION = YES;
				CLANG_WARN_INT_CONVERSION = YES;
				CLANG_WARN_OBJC_ROOT_CLASS = YES_ERROR;
				CLANG_WARN_UNREACHABLE_CODE = YES;
				CLANG_WARN__DUPLICATE_METHOD_MATCH = YES;
				"CODE_SIGN_IDENTITY[sdk=iphoneos*]" = "iPhone Developer";
				COPY_PHASE_STRIP = NO;
				DEBUG_INFORMATION_FORMAT = "dwarf-with-dsym";
				ENABLE_NS_ASSERTIONS = NO;
				ENABLE_STRICT_OBJC_MSGSEND = YES;
				GCC_C_LANGUAGE_STANDARD = gnu99;
				GCC_NO_COMMON_BLOCKS = YES;
				GCC_WARN_64_TO_32_BIT_CONVERSION = YES;
				GCC_WARN_ABOUT_RETURN_TYPE = YES_ERROR;
				GCC_WARN_UNDECLARED_SELECTOR = YES;
				GCC_WARN_UNINITIALIZED_AUTOS = YES_AGGRESSIVE;
				GCC_WARN_UNUSED_FUNCTION = YES;
				GCC_WARN_UNUSED_VARIABLE = YES;
				IPHONEOS_DEPLOYMENT_TARGET = 8.4;
				MTL_ENABLE_DEBUG_INFO = NO;
				SDKROOT = iphoneos;
				VALIDATE_PRODUCT = YES;
			};
			name = Release;
		};
		B1A01B531B8257F000E63C74 /* Debug */ = {
			isa = XCBuildConfiguration;
			buildSettings = {
				ASSETCATALOG_COMPILER_APPICON_NAME = AppIcon;
				INFOPLIST_FILE = AppA/Info.plist;
				LD_RUNPATH_SEARCH_PATHS = "$(inherited) @executable_path/Frameworks";
				PRODUCT_NAME = "$(TARGET_NAME)";
			};
			name = Debug;
		};
		B1A01B541B8257F000E63C74 /* Release */ = {
			isa = XCBuildConfiguration;
			buildSettings = {
				ASSETCATALOG_COMPILER_APPICON_NAME = AppIcon;
				INFOPLIST_FILE = AppA/Info.plist;
				LD_RUNPATH_SEARCH_PATHS = "$(inherited) @executable_path/Frameworks";
				PRODUCT_NAME = "$(TARGET_NAME)";
			};
			name = Release;
		};
		B1A01B561B8257F000E63C74 /* Debug */ = {
			isa = XCBuildConfiguration;
			buildSettings = {
				BUNDLE_LOADER = "$(TEST_HOST)";
				FRAMEWORK_SEARCH_PATHS = (
					"$(SDKROOT)/Developer/Library/Frameworks",
					"$(inherited)",
				);
				GCC_PREPROCESSOR_DEFINITIONS = (
					"DEBUG=1",
					"$(inherited)",
				);
				INFOPLIST_FILE = AppATests/Info.plist;
				LD_RUNPATH_SEARCH_PATHS = "$(inherited) @executable_path/Frameworks @loader_path/Frameworks";
				PRODUCT_NAME = "$(TARGET_NAME)";
				TEST_HOST = "$(BUILT_PRODUCTS_DIR)/AppA.app/AppA";
			};
			name = Debug;
		};
		B1A01B571B8257F000E63C74 /* Release */ = {
			isa = XCBuildConfiguration;
			buildSettings = {
				BUNDLE_LOADER = "$(TEST_HOST)";
				FRAMEWORK_SEARCH_PATHS = (
					"$(SDKROOT)/Developer/Library/Frameworks",
					"$(inherited)",
				);
				INFOPLIST_FILE = AppATests/Info.plist;
				LD_RUNPATH_SEARCH_PATHS = "$(inherited) @executable_path/Frameworks @loader_path/Frameworks";
				PRODUCT_NAME = "$(TARGET_NAME)";
				TEST_HOST = "$(BUILT_PRODUCTS_DIR)/AppA.app/AppA";
			};
			name = Release;
		};
/* End XCBuildConfiguration section */

/* Begin XCConfigurationList section */
		B1A01B2A1B8257F000E63C74 /* Build configuration list for PBXProject "AppA" */ = {
			isa = XCConfigurationList;
			buildConfigurations = (
				B1A01B501B8257F000E63C74 /* Debug */,
				B1A01B511B8257F000E63C74 /* Release */,
			);
			defaultConfigurationIsVisible = 0;
			defaultConfigurationName = Release;
		};
		B1A01B521B8257F000E63C74 /* Build configuration list for PBXNativeTarget "AppA" */ = {
			isa = XCConfigurationList;
			buildConfigurations = (
				B1A01B531B8257F000E63C74 /* Debug */,
				B1A01B541B8257F000E63C74 /* Release */,
			);
			defaultConfigurationIsVisible = 0;
		};
		B1A01B551B8257F000E63C74 /* Build configuration list for PBXNativeTarget "AppATests" */ = {
			isa = XCConfigurationList;
			buildConfigurations = (
				B1A01B561B8257F000E63C74 /* Debug */,
				B1A01B571B8257F000E63C74 /* Release */,
			);
			defaultConfigurationIsVisible = 0;
		};
/* End XCConfigurationList section */
	};
	rootObject = B1A01B271B8257F000E63C74 /* Project object */;
}
